version = 1
revision = 3
requires-python = "==3.9.*"

[[package]]
name = "certifi"
version = "2026.7.22"
source = { registry = "https://pypi.org/simple" }
sdist = { url = "https://files.pythonhosted.org/packages/a3/c2/24167ea9858356b47a87a50d39908bfdb72ceeefe0041586e704e5376b3a/certifi-2026.7.22.tar.gz", hash = "sha256:741e2c3b351ddf169a738da9f2c048608ff7f2c5cc02f1ebc6b118bb090d5d55", size = 138112, upload-time = "2026-07-22T03:35:12.644Z" }
wheels = [
    { url = "https://files.pythonhosted.org/packages/0b/a7/71ac2cff56fec219ed242bb11b8efb69fcc4bec75db06fb7bfe35de520e6/certifi-2026.7.22-py3-none-any.whl", hash = "sha256:62f22742b58a1a33014a2b6b706588a8d7e2a88ae7bd1a6ebe8c992928483775", size = 136983, upload-time = "2026-07-22T03:35:11.276Z" },
]

[[package]]
name = "charset-normalizer"
version = "3.5.1"
source = { registry = "https://pypi.org/simple" }
sdist = { url = "https://files.pythonhosted.org/packages/e5/3f/143b048436775b0f76ac3eec145c019e8173ccc2885c8f20319b996d5e83/charset_normalizer-3.5.1.tar.gz", hash = "sha256:6117b84ea48435e5356dc737f5121485c30920ba43375fa7b434fd753df0eac3", size = 171764, upload-time = "2026-08-15T08:20:44.807Z" }
wheels = [
    { url = "https://files.pythonhosted.org/packages/5b/97/fb4e82231aba271ffd775a1b4993b0defc4e3059f286ae41d9433409fe85/charset_normalizer-3.5.1-cp37-abi3-macosx_10_9_universal2.whl", hash = "sha256:41876ee62a3dddf48ff1121ad8f0798032aa03f2fd35f21f34a4cab14f18d8d2", size = 331467, upload-time = "2026-08-15T08:19:50.959Z" },
    { url = "https://files.pythonhosted.org/packages/9f/2f/fe3f187327aac18e2d54e9d2b08e15d27bf9b642d9e51c219f130fc34d1a/charset_normalizer-3.5.1-cp37-abi3-manylinux1_x86_64.manylinux_2_28_x86_64.manylinux_2_5_x86_64.whl", hash = "sha256:a6dac12ff6b846103483683f60c5f8fee205121adc58ffd87e90a90a3af69e99", size = 253057, upload-time = "2026-08-15T08:19:52.654Z" },
    { url = "https://files.pythonhosted.org/packages/d7/c7/9e48cee5c161fe24da823b61bf381921d77cb994a0a4de148e95018c1984/charset_normalizer-3.5.1-cp37-abi3-manylinux2014_aarch64.manylinux_2_17_aarch64.manylinux_2_28_aarch64.whl", hash = "sha256:cee5dd7c6fb5dd52a0fe2a740f9bc6e3593f5f8b1788bde49de02086f30182b2", size = 240930, upload-time = "2026-08-15T08:19:54.163Z" },
    { url = "https://files.pythonhosted.org/packages/49/e0/716601f3cc69be7b198951150c75ead1ece33c3c8036ff6ffa46029659a0/charset_normalizer-3.5.1-cp37-abi3-manylinux2014_armv7l.manylinux_2_17_armv7l.manylinux_2_31_armv7l.whl", hash = "sha256:343fb4f2821043bd87095f7b08a1a181febc8e36ac64212143bbfd0a0e1bc235", size = 230822, upload-time = "2026-08-15T08:19:55.807Z" },
    { url = "https://files.pythonhosted.org/packages/d3/05/71bfc5caa0abcc45aea1f6a4d50ac68e59605ddc7666fe8494f4cd229665/charset_normalizer-3.5.1-cp37-abi3-manylinux2014_ppc64le.manylinux_2_17_ppc64le.manylinux_2_28_ppc64le.whl", hash = "sha256:ae4a097991662cd4fff0ddc74e0fe7874f82e00042fa0ea00855645ed0c79598", size = 260037, upload-time = "2026-08-15T08:19:57.312Z" },
    { url = "https://files.pythonhosted.org/packages/c3/92/de7e32ed05341e7a9c4c877c318418197b7f2d66a3b68d561bf2ac57ca3e/charset_normalizer-3.5.1-cp37-abi3-manylinux2014_s390x.manylinux_2_17_s390x.manylinux_2_28_s390x.whl", hash = "sha256:4b599739b93b2cbeded49645ae3c8d1405c29ddfbceac1545c87a3f9580a9e96", size = 255097, upload-time = "2026-08-15T08:19:59.056Z" },
    { url = "https://files.pythonhosted.org/packages/f5/7b/ade0a122600319dfa0b1000ab0f9731c94a817904cf3c5de408c73a4ede7/charset_normalizer-3.5.1-cp37-abi3-manylinux_2_31_riscv64.manylinux_2_39_riscv64.whl", hash = "sha256:b39b69b347e5e47a3b5b8cfc005c68c1ba347474e3960236c4944a8ecd174962", size = 250166, upload-time = "2026-08-15T08:20:00.612Z" },
    { url = "https://files.pythonhosted.org/packages/75/9c/019fbb9f4834491a160951349b1a3714439376f66e5f7cf18b4f18f0c7aa/charset_normalizer-3.5.1-cp37-abi3-musllinux_1_2_aarch64.whl", hash = "sha256:a2028475ba855475b8b4d3cfeb4994269c967aea8b9892dfba907f4263a863a3", size = 241821, upload-time = "2026-08-15T08:20:02.321Z" },
    { url = "https://files.pythonhosted.org/packages/2b/b8/11d4840bfc99330cc7fbcc2681ee5a044553a6e77655508d8f9b2bff7b34/charset_normalizer-3.5.1-cp37-abi3-musllinux_1_2_armv7l.whl", hash = "sha256:36047af20e17097c3bb9476c2b7655f2f7aa51322c0ba58c07695bedf755a950", size = 232529, upload-time = "2026-08-15T08:20:04.008Z" },
    { url = "https://files.pythonhosted.org/packages/18/96/2b3a21492d9f65171ac75d872f5018260013d00bfa0ff70ec9f179148cbd/charset_normalizer-3.5.1-cp37-abi3-musllinux_1_2_ppc64le.whl", hash = "sha256:4c4fb141a727957c93edfe5c32a26ceb6b5f6461d67146e2d39f51e16170bea8", size = 260348, upload-time = "2026-08-15T08:20:05.877Z" },
    { url = "https://files.pythonhosted.org/packages/d6/aa/a69a2028e8bd052476c245460ab19d7de595de084dd968f2d75cd50c3e25/charset_normalizer-3.5.1-cp37-abi3-musllinux_1_2_riscv64.whl", hash = "sha256:2f293479cce755c75f1697e87c409b7ae4c555c7dfecb6e988ad13abba943031", size = 247234, upload-time = "2026-08-15T08:20:07.487Z" },
    { url = "https://files.pythonhosted.org/packages/35/8a/3d130aeabcaf3d2466af76b7b141c08d9e89c9016ab4b7cdd0f7dc2d1c62/charset_normalizer-3.5.1-cp37-abi3-musllinux_1_2_s390x.whl", hash = "sha256:3588e376b3ea2eea84976f67273d679f229e24c66dce7b82ae45aef04ff6e072", size = 256917, upload-time = "2026-08-15T08:20:09.142Z" },
    { url = "https://files.pythonhosted.org/packages/80/c2/a7379b840292d0c1ab9fbd17d1f3967aa81794dc95bc74be8999d7fedcf7/charset_normalizer-3.5.1-cp37-abi3-musllinux_1_2_x86_64.whl", hash = "sha256:e199fb99720074809a7720f1c0b4d919eea8b87e88713e0f8f602f7bef543d9d", size = 254846, upload-time = "2026-08-15T08:20:10.727Z" },
    { url = "https://files.pythonhosted.org/packages/01/65/d43b714731bb2f40d4053dfa00ecfc1c5a301f8e3316c5db3a09af59fe94/charset_normalizer-3.5.1-cp37-abi3-win32.whl", hash = "sha256:dd732602a7009217f658d5863d12d79d373a4de0eebc111094bcdd3bb8e0a6cc", size = 174216, upload-time = "2026-08-15T08:20:12.334Z" },
    { url = "https://files.pythonhosted.org/packages/35/4f/b911ed898b26a09789eba9c9200c999aff6c61b4bafaf4838e56d1a1e1a3/charset_normalizer-3.5.1-cp37-abi3-win_amd64.whl", hash = "sha256:70055ff39b97c99e7ae40ea3e393fb62aa2e44dbd9b29f8d14f42fb0025c3959", size = 199764, upload-time = "2026-08-15T08:20:13.908Z" },
    { url = "https://files.pythonhosted.org/packages/f0/a7/920baf467bfd9bf689f3b318340f37aee4572a71f162bd8db51da55ba4fa/charset_normalizer-3.5.1-cp37-abi3-win_arm64.whl", hash = "sha256:87e4f41d375c0b9be2fb5251aee4b8a689169e134535aed81bf085c3b647451e", size = 287318, upload-time = "2026-08-15T08:20:15.551Z" },
    { url = "https://files.pythonhosted.org/packages/d0/91/bc145e42f93d6601b9a26f5421af2d7c3093ae6e6d03b8e583c9cebbf530/charset_normalizer-3.5.1-cp39-cp39-macosx_10_9_universal2.whl", hash = "sha256:85de3134b5379856e323ba37c19c9256d39425f7b76a63af52b09fb4664c2e8f", size = 368830, upload-time = "2026-08-15T08:20:17.272Z" },
    { url = "https://files.pythonhosted.org/packages/58/67/62df6a907162461f372e95cbbc1bc64c7457e86abcc851feb84409a11eff/charset_normalizer-3.5.1-cp39-cp39-manylinux2014_aarch64.manylinux_2_17_aarch64.manylinux_2_28_aarch64.whl", hash = "sha256:3e5e1224c0a6a90e05843e07adfec669edebec17801c67072f51e59561d63c0b", size = 251725, upload-time = "2026-08-15T08:20:18.942Z" },
    { url = "https://files.pythonhosted.org/packages/a4/2d/64a13610fd28c80f97aff0ea5cf31cf255d220a8243ac0c78c66fd3d874d/charset_normalizer-3.5.1-cp39-cp39-manylinux2014_armv7l.manylinux_2_17_armv7l.manylinux_2_31_armv7l.whl", hash = "sha256:5e2d0e146dcb57034f8b97dc58d2d512cb90aba253960ce449f695fec6a82c6f", size = 241254, upload-time = "2026-08-15T08:20:20.641Z" },
    { url = "https://files.pythonhosted.org/packages/84/79/a88c181e7f4a7579696fedb34fa63844ede2ff7caf44c5f321cec57d92fb/charset_normalizer-3.5.1-cp39-cp39-manylinux2014_ppc64le.manylinux_2_17_ppc64le.manylinux_2_28_ppc64le.whl", hash = "sha256:e06efa066f7dbadbc84ebc126a97c452a6451dfcf589d89d788484949e1cf795", size = 281944, upload-time = "2026-08-15T08:20:22.219Z" },
    { url = "https://files.pythonhosted.org/packages/64/60/7c5469f455f4fa65d39da9f088dffc1a586560bfb9e3279441eed78bd469/charset_normalizer-3.5.1-cp39-cp39-manylinux2014_s390x.manylinux_2_17_s390x.manylinux_2_28_s390x.whl", hash = "sha256:994e883d17c559cdfd38c84003c8b27d25424a1077272a17e7cd27bfe0bf57b2", size = 278350, upload-time = "2026-08-15T08:20:23.744Z" },
    { url = "https://files.pythonhosted.org/packages/9f/cf/7568d8c1c9100b7c8bab9035215a6b36b32b39bb50cabaee9389c4606887/charset_normalizer-3.5.1-cp39-cp39-manylinux2014_x86_64.manylinux_2_17_x86_64.manylinux_2_28_x86_64.whl", hash = "sha256:789b8982559ae28dad2356519f841655756cdcd96616410590ae0b17454ee64f", size = 262670, upload-time = "2026-08-15T08:20:25.387Z" },
    { url = "https://files.pythonhosted.org/packages/fa/ec/3a616c3806ec3f957337e6bf874ae7d64693185039edfbbf87103b8c8631/charset_normalizer-3.5.1-cp39-cp39-manylinux_2_31_riscv64.manylinux_2_39_riscv64.whl", hash = "sha256:a951ad59cad9145664a730d3036b40b844e74d2d3683da40111463cd3a83845d", size = 260445, upload-time = "2026-08-15T08:20:27.012Z" },
    { url = "https://files.pythonhosted.org/packages/b2/e0/489aa2a33b944077d4c2c705c245d833dc12cd571a52fc67eaf273f5373a/charset_normalizer-3.5.1-cp39-cp39-musllinux_1_2_aarch64.whl", hash = "sha256:55261ac0d2941c42f196dd576f543d87a8ee03cd6f5e30dfb4d807b2e3b9121a", size = 253263, upload-time = "2026-08-15T08:20:28.6Z" },
    { url = "https://files.pythonhosted.org/packages/d3/bc/f528dfb78d3bfdc8ee6aeea81eb22e6918d03e4442d373a79717f17de45e/charset_normalizer-3.5.1-cp39-cp39-musllinux_1_2_armv7l.whl", hash = "sha256:5ca0555312ae2fe82715cada7fac375530c2f3349e1eaa1bcb33d0283ac79a18", size = 242879, upload-time = "2026-08-15T08:20:30.186Z" },
    { url = "https://files.pythonhosted.org/packages/c0/8c/58efc6393e405a8d52b241d31dd9118352c247e4017110c3edfdb4618f0d/charset_normalizer-3.5.1-cp39-cp39-musllinux_1_2_ppc64le.whl", hash = "sha256:2e9cf9253119d8e5d111f05d71626786fd3d6193817316eab1ca088cdb8593cf", size = 282086, upload-time = "2026-08-15T08:20:31.826Z" },
    { url = "https://files.pythonhosted.org/packages/02/fc/0d9ab98fa7a61394353e8acd0f5f60fc6e94a4615f574af8be0eca14a7ef/charset_normalizer-3.5.1-cp39-cp39-musllinux_1_2_riscv64.whl", hash = "sha256:433c5a81eade63b47e522303bad236f59dba55ea6951746f5558355eeed8c75d", size = 259212, upload-time = "2026-08-15T08:20:33.442Z" },
    { url = "https://files.pythonhosted.org/packages/79/71/6ee3a48a21e844e5079d8e9b2e91c641da5a7912a748e9e94c9e3ab9ce1c/charset_normalizer-3.5.1-cp39-cp39-musllinux_1_2_s390x.whl", hash = "sha256:13e3afe97712e8887cd516e960c63f0b93122971e5b5e4b2622fe7701771e838", size = 278949, upload-time = "2026-08-15T08:20:35.133Z" },
    { url = "https://files.pythonhosted.org/packages/64/77/9ae101cb33bd9f681551e82a2b9e08eec99ff715458340931370f4228de9/charset_normalizer-3.5.1-cp39-cp39-musllinux_1_2_x86_64.whl", hash = "sha256:eb12fb2ba69ffa05f8695f61c69e591dc4b4a12ac3757ac8af8adb259bf56d17", size = 264513, upload-time = "2026-08-15T08:20:36.887Z" },
    { url = "https://files.pythonhosted.org/packages/d1/91/249943372195935ff7393eae5842c7dae6fd04401e512bbd69dab1aae40b/charset_normalizer-3.5.1-cp39-cp39-win32.whl", hash = "sha256:56490c595a28b1bb27dfc583e816152a9767721ef58b2c03b13f954d2f707420", size = 182431, upload-time = "2026-08-15T08:20:38.498Z" },
    { url = "https://files.pythonhosted.org/packages/53/31/7f79c671d827080d6eecd697fbbeb4f0f6f8507bf4c5625b5f6398ec5876/charset_normalizer-3.5.1-cp39-cp39-win_amd64.whl", hash = "sha256:012a22b88a77ca2e59b98ac5889b0deb604147666032f45e6d6e217634d2550d", size = 206385, upload-time = "2026-08-15T08:20:40.242Z" },
    { url = "https://files.pythonhosted.org/packages/c4/58/c9295c61e3f826ba7d874f0fd1c5e335dbec928d7b9146b33b48d14a25f1/charset_normalizer-3.5.1-cp39-cp39-win_arm64.whl", hash = "sha256:29880d17a8eb0b5cfdfd8944b468322928059aa35f1f5fa8ff22b149ec0b42f8", size = 185470, upload-time = "2026-08-15T08:20:41.765Z" },
    { url = "https://files.pythonhosted.org/packages/cc/61/d01fc49b8dea277640b55a9e15960dbca9fdc8c9fde18e572d39c59f4019/charset_normalizer-3.5.1-py3-none-any.whl", hash = "sha256:6df0ec430f9a831772c23ca5a224cba36517a58a84bb32c32bb59a9fa67c47f6", size = 68658, upload-time = "2026-08-15T08:20:43.306Z" },
]

[[package]]
name = "colorama"
version = "0.4.6"
source = { registry = "https://pypi.org/simple" }
sdist = { url = "https://files.pythonhosted.org/packages/d8/53/6f443c9a4a8358a93a6792e2acffb9d9d5cb0a5cfd8802644b7b1c9a02e4/colorama-0.4.6.tar.gz", hash = "sha256:08695f5cb7ed6e0531a20572697297273c47b8cae5a63ffc6d6ed5c201be6e44", size = 27697, upload-time = "2022-10-25T02:36:22.414Z" }
wheels = [
    { url = "https://files.pythonhosted.org/packages/d1/d6/3965ed04c63042e047cb6a3e6ed1a63a35087b6a609aa3a15ed8ac56c221/colorama-0.4.6-py2.py3-none-any.whl", hash = "sha256:4f1d9991f5acc0ca119f9d443620b77f9d6b33703e51011c16baf57afb285fc6", size = 25335, upload-time = "2022-10-25T02:36:20.889Z" },
]

[[package]]
name = "deprecation"
version = "2.1.0"
source = { registry = "https://pypi.org/simple" }
dependencies = [
    { name = "packaging" },
]
sdist = { url = "https://files.pythonhosted.org/packages/5a/d3/8ae2869247df154b64c1884d7346d412fed0c49df84db635aab2d1c40e62/deprecation-2.1.0.tar.gz", hash = "sha256:72b3bde64e5d778694b0cf68178aed03d15e15477116add3fb773e581f9518ff", size = 173788, upload-time = "2020-04-20T14:23:38.738Z" }
wheels = [
    { url = "https://files.pythonhosted.org/packages/02/c3/253a89ee03fc9b9682f1541728eb66db7db22148cd94f89ab22528cd1e1b/deprecation-2.1.0-py2.py3-none-any.whl", hash = "sha256:a10811591210e1fb0e768a8c25517cabeabcba6f0bf96564f8ff45189f90b14a", size = 11178, upload-time = "2020-04-20T14:23:36.581Z" },
]

[[package]]
name = "docker"
version = "7.2.0"
source = { registry = "https://pypi.org/simple" }
dependencies = [
    { name = "pywin32", marker = "sys_platform == 'win32'" },
    { name = "requests" },
    { name = "urllib3" },
]
sdist = { url = "https://files.pythonhosted.org/packages/88/7f/731ff914b0255d3d065f45fd4e626d4b8c95dbcbaada049f337a6ac16410/docker-7.2.0.tar.gz", hash = "sha256:cebb93773d334f778e023a7ee352a8d6e13ab1bd3b863a4d4a59dec897df43ac", size = 118731, upload-time = "2026-07-09T14:53:46.39Z" }
wheels = [
    { url = "https://files.pythonhosted.org/packages/75/23/529140fe1aab80fc6992f93a706deec709140a6397439139a054e1515c45/docker-7.2.0-py3-none-any.whl", hash = "sha256:a3f45fdeb9165e2d25d9a1d02ddf3bc70fb572cf5ebbf9b58558c22caf29b71f", size = 148775, upload-time = "2026-07-09T14:53:45.224Z" },
]

[[package]]
name = "exceptiongroup"
version = "1.3.1"
source = { registry = "https://pypi.org/simple" }
dependencies = [
    { name = "typing-extensions" },
]
sdist = { url = "https://files.pythonhosted.org/packages/50/79/66800aadf48771f6b62f7eb014e352e5d06856655206165d775e675a02c9/exceptiongroup-1.3.1.tar.gz", hash = "sha256:8b412432c6055b0b7d14c310000ae93352ed6754f70fa8f7c34141f91c4e3219", size = 30371, upload-time = "2025-11-21T23:01:54.787Z" }
wheels = [
    { url = "https://files.pythonhosted.org/packages/8a/0e/97c33bf5009bdbac74fd2beace167cab3f978feb69cc36f1ef79360d6c4e/exceptiongroup-1.3.1-py3-none-any.whl", hash = "sha256:a7a39a3bd276781e98394987d3a5701d0c4edffb633bb7a5144577f82c773598", size = 16740, upload-time = "2025-11-21T23:01:53.443Z" },
]

[[package]]
name = "idna"
version = "3.19"
source = { registry = "https://pypi.org/simple" }
sdist = { url = "https://files.pythonhosted.org/packages/5f/f7/abb373e5757eaec4b922b92f97ec8d6d7e057cf06778247604fbc4e7c3f3/idna-3.19.tar.gz", hash = "sha256:5e0811a4383b21dc5838069f801c4fb62113b7447663d2530d2bd6e77b49bf15", size = 215237, upload-time = "2026-08-18T05:14:24.27Z" }
wheels = [
    { url = "https://files.pythonhosted.org/packages/57/b0/0e52c878c53f245edd3a11020f20979b3f490f245af532c7cae3027754b5/idna-3.19-py3-none-any.whl", hash = "sha256:815e7be7a7806d54abb586dc943addc79e8b2ee16915059658cbeff4b1b43bf4", size = 68550, upload-time = "2026-08-18T05:14:22.343Z" },
]

[[package]]
name = "iniconfig"
version = "2.1.0"
source = { registry = "https://pypi.org/simple" }
sdist = { url = "https://files.pythonhosted.org/packages/f2/97/ebf4da567aa6827c909642694d71c9fcf53e5b504f2d96afea02718862f3/iniconfig-2.1.0.tar.gz", hash = "sha256:3abbd2e30b36733fee78f9c7f7308f2d0050e88f0087fd25c2645f63c773e1c7", size = 4793, upload-time = "2025-03-19T20:09:59.721Z" }
wheels = [
    { url = "https://files.pythonhosted.org/packages/2c/e1/e6716421ea10d38022b952c159d5161ca1193197fb744506875fbb87ea7b/iniconfig-2.1.0-py3-none-any.whl", hash = "sha256:9deba5723312380e77435581c6bf4935c94cbfab9b1ed33ef8d238ea168eb760", size = 6050, upload-time = "2025-03-19T20:10:01.071Z" },
]

[[package]]
name = "jportal2-generator-vanguardg-sqlalchemy"
version = "2.8"
source = { virtual = "." }
dependencies = [
    { name = "docker" },
    { name = "jsons" },
    { name = "psycopg2-binary" },
    { name = "pytest" },
    { name = "sqlalchemy" },
    { name = "testcontainers" },
]

[package.metadata]
requires-dist = [
    { name = "docker", specifier = ">=5.0.3" },
    { name = "jsons", specifier = ">=1.6.2" },
    { name = "psycopg2-binary", specifier = ">=2.9.3" },
    { name = "pytest", specifier = ">=7.1.2" },
    { name = "sqlalchemy", specifier = "==1.3.9" },
    { name = "testcontainers", specifier = ">=3.5.4,<4" },
]

[[package]]
name = "jsons"
version = "1.6.3"
source = { registry = "https://pypi.org/simple" }
dependencies = [
    { name = "typish" },
]
sdist = { url = "https://files.pythonhosted.org/packages/ef/38/c1c4e06725568c21b2cdab96f95450caa257b73aac90f8041af18756f3bf/jsons-1.6.3.tar.gz", hash = "sha256:cd5815c7c6790ae11c70ad9978e0aa850d0d08a643a5105cc604eac8b29a30d7", size = 39884, upload-time = "2022-06-09T19:52:01.861Z" }
wheels = [
    { url = "https://files.pythonhosted.org/packages/9a/22/e18585ccbf9f8c42f8c26435df0e551a924aae33488227eb686876d0bffd/jsons-1.6.3-py3-none-any.whl", hash = "sha256:f07f8919316f72a3843c7ca6cc6c900513089f10092626934d1bfe4b5cf15401", size = 60701, upload-time = "2022-06-09T19:51:59.266Z" },
]

[[package]]
name = "packaging"
version = "26.3"
source = { registry = "https://pypi.org/simple" }
sdist = { url = "https://files.pythonhosted.org/packages/7d/fa/3944b40b07da9ce895c0e6303a5ab7d53da063554f534556b134a54d6093/packaging-26.3.tar.gz", hash = "sha256:94edc256424af38762eb31306eed28beb9f0efc50a8837492c9d6fd6004aed79", size = 313412, upload-time = "2026-08-04T18:15:28.737Z" }
wheels = [
    { url = "https://files.pythonhosted.org/packages/63/34/ba1c580383c9eada3711951fef0795c80b829a078d72188184bcab9dd527/packaging-26.3-py3-none-any.whl", hash = "sha256:d7193f7c8e4e93f444fde0262bf90af30e16fa0ad0ad44cb553c87339b23cd1c", size = 129956, upload-time = "2026-08-04T18:15:27.159Z" },
]

[[package]]
name = "pluggy"
version = "1.6.0"
source = { registry = "https://pypi.org/simple" }
sdist = { url = "https://files.pythonhosted.org/packages/f9/e2/3e91f31a7d2b083fe6ef3fa267035b518369d9511ffab804f839851d2779/pluggy-1.6.0.tar.gz", hash = "sha256:7dcc130b76258d33b90f61b658791dede3486c3e6bfb003ee5c9bfb396dd22f3", size = 69412, upload-time = "2025-05-15T12:30:07.975Z" }
wheels = [
    { url = "https://files.pythonhosted.org/packages/54/20/4d324d65cc6d9205fabedc306948156824eb9f0ee1633355a8f7ec5c66bf/pluggy-1.6.0-py3-none-any.whl", hash = "sha256:e920276dd6813095e9377c0bc5566d94c932c33b27a3e3945d8389c374dd4746", size = 20538, upload-time = "2025-05-15T12:30:06.134Z" },
]

[[package]]
name = "psycopg2-binary"
version = "2.9.12"
source = { registry = "https://pypi.org/simple" }
sdist = { url = "https://files.pythonhosted.org/packages/2a/60/a3624f79acea344c16fbef3a94d28b89a8042ddfb8f3e4ca83f538671409/psycopg2_binary-2.9.12.tar.gz", hash = "sha256:5ac9444edc768c02a6b6a591f070b8aae28ff3a99be57560ac996001580f294c", size = 379686, upload-time = "2026-04-21T09:40:34.304Z" }
wheels = [
    { url = "https://files.pythonhosted.org/packages/1b/46/aea5aa8066508dc1b94c6d5d45acb88961a76d1a2a536f08346afd746c08/psycopg2_binary-2.9.12-cp39-cp39-macosx_10_9_x86_64.whl", hash = "sha256:ee2d84ef5eb6c04702d2e9c372ad557fb027f26a5d82804f749dfb14c7fdd2ab", size = 3712300, upload-time = "2026-04-20T23:35:48.393Z" },
    { url = "https://files.pythonhosted.org/packages/26/78/92cf978d7a73c1e6df828f76d53e4f92466382fa5fbfaf38d29faa64abe0/psycopg2_binary-2.9.12-cp39-cp39-macosx_11_0_arm64.whl", hash = "sha256:cfa2517c94ea3af6deb46f81e1bbd884faa63e28481eb2f889989dd8d95e5f03", size = 3822404, upload-time = "2026-04-20T23:35:50.379Z" },
    { url = "https://files.pythonhosted.org/packages/d8/d3/e0137141952bcb709a11dc7121e104d4e55ec7c9a2c27e8e7b28a8954c37/psycopg2_binary-2.9.12-cp39-cp39-manylinux2014_ppc64le.manylinux_2_17_ppc64le.whl", hash = "sha256:ba3df2fc42a1cfa45b72cf096d4acb2b885937eedc61461081d53538d4a82a86", size = 4578512, upload-time = "2026-04-20T23:35:52.209Z" },
    { url = "https://files.pythonhosted.org/packages/15/f0/4db12fd81531f721dd1f8331b45cbde39a5838413a4cc6055784006c7e91/psycopg2_binary-2.9.12-cp39-cp39-manylinux2014_x86_64.manylinux_2_17_x86_64.whl", hash = "sha256:718e1fc18edf573b02cb8aea868de8d8d33f99ce9620206aa9144b67b0985e94", size = 4273721, upload-time = "2026-04-20T23:35:54.393Z" },
    { url = "https://files.pythonhosted.org/packages/24/39/56131d71e5b12e31665e305744e000d4f931c75a7f5bf4ee6d080925d35b/psycopg2_binary-2.9.12-cp39-cp39-manylinux_2_27_aarch64.manylinux_2_28_aarch64.whl", hash = "sha256:5c7cb4cbf894a1d36c720d713de507952c7c58f66d30834708f03dbe5c822ccf", size = 5893802, upload-time = "2026-04-20T23:35:56.699Z" },
    { url = "https://files.pythonhosted.org/packages/d6/ad/248ad71b79fc683e5e20249bf13c28d4c52ae4387b791b17b0faa97e93fa/psycopg2_binary-2.9.12-cp39-cp39-manylinux_2_38_riscv64.manylinux_2_39_riscv64.whl", hash = "sha256:049366c6d884bdcd65d66e6ca1fdbebe670b56c6c9ba46f164e6667e90881964", size = 4109350, upload-time = "2026-04-20T23:35:59.292Z" },
    { url = "https://files.pythonhosted.org/packages/12/b2/b02b458b4bb0491f50d026812fb472284cf445a04c1646f028157c8dc41a/psycopg2_binary-2.9.12-cp39-cp39-musllinux_1_2_aarch64.whl", hash = "sha256:fb1828cf3da68f99e45ebce1355d65d2d12b6a78fb5dfb16247aad6bdef5f5d2", size = 3654422, upload-time = "2026-04-20T23:36:01.311Z" },
    { url = "https://files.pythonhosted.org/packages/d5/e1/90666893ceb23e0f4b981c93d20deb7e7b4600becf613f02043a845c6d0f/psycopg2_binary-2.9.12-cp39-cp39-musllinux_1_2_ppc64le.whl", hash = "sha256:127467c6e476dd876634f17c3d870530e73ff454ff99bff73d36e80af28e1115", size = 3299252, upload-time = "2026-04-20T23:36:03.21Z" },
    { url = "https://files.pythonhosted.org/packages/93/a8/700c51aee148a76adc9e01db79d09c6cc82b8a627180503dff4036dbffa9/psycopg2_binary-2.9.12-cp39-cp39-musllinux_1_2_riscv64.whl", hash = "sha256:ace94261f43850e9e79f6c56636c5e0147978ab79eda5e5e5ebf13ae146fc8fe", size = 3047732, upload-time = "2026-04-20T23:36:05.109Z" },
    { url = "https://files.pythonhosted.org/packages/7b/bc/5411ca76cb8ba9b457b5d0df31cf4ca37b494b22f37d15544520939b53ef/psycopg2_binary-2.9.12-cp39-cp39-musllinux_1_2_x86_64.whl", hash = "sha256:a7e39a65b7d2a20e4ba2e0aaad1960b61cc2888d6ab047769f8347bd3c9ad915", size = 3349175, upload-time = "2026-04-20T23:36:07.19Z" },
    { url = "https://files.pythonhosted.org/packages/c8/2a/1f7571b1d39e44ece80f036b8b54fc498c28507a97e5aba13082599b5971/psycopg2_binary-2.9.12-cp39-cp39-win_amd64.whl", hash = "sha256:f625abb7020e4af3432d95342daa1aa0db3fa369eed19807aa596367ba791b10", size = 2758051, upload-time = "2026-04-20T23:36:09.325Z" },
]

[[package]]
name = "pygments"
version = "2.21.0"
source = { registry = "https://pypi.org/simple" }
sdist = { url = "https://files.pythonhosted.org/packages/49/2e/ced460408999b33da6b31b0021b0f37d329e202d4169aeb164493778f25b/pygments-2.21.0.tar.gz", hash = "sha256:610ca751c9bc2492b38eb9a38a7fbc93edbbb2d7182edaf34e66ae493dee5c8c", size = 5005329, upload-time = "2026-08-17T08:02:48.824Z" }
wheels = [
    { url = "https://files.pythonhosted.org/packages/71/46/17f022dd3e953bf20a04a028a21ec746d942f8d2af30fa0f124fa0e6a684/pygments-2.21.0-py3-none-any.whl", hash = "sha256:2363c69b61c4a97c838da3b130dcd6468f4848992b21a82f2a63ec34377137d9", size = 1250147, upload-time = "2026-08-17T08:02:44.912Z" },
]

[[package]]
name = "pytest"
version = "8.4.2"
source = { registry = "https://pypi.org/simple" }
dependencies = [
    { name = "colorama", marker = "sys_platform == 'win32'" },
    { name = "exceptiongroup" },
    { name = "iniconfig" },
    { name = "packaging" },
    { name = "pluggy" },
    { name = "pygments" },
    { name = "tomli" },
]
sdist = { url = "https://files.pythonhosted.org/packages/a3/5c/00a0e072241553e1a7496d638deababa67c5058571567b92a7eaa258397c/pytest-8.4.2.tar.gz", hash = "sha256:86c0d0b93306b961d58d62a4db4879f27fe25513d4b969df351abdddb3c30e01", size = 1519618, upload-time = "2025-09-04T14:34:22.711Z" }
wheels = [
    { url = "https://files.pythonhosted.org/packages/a8/a4/20da314d277121d6534b3a980b29035dcd51e6744bd79075a6ce8fa4eb8d/pytest-8.4.2-py3-none-any.whl", hash = "sha256:872f880de3fc3a5bdc88a11b39c9710c3497a547cfa9320bc3c5e62fbf272e79", size = 365750, upload-time = "2025-09-04T14:34:20.226Z" },
]

[[package]]
name = "pywin32"
version = "312"
source = { registry = "https://pypi.org/simple" }
wheels = [
    { url = "https://files.pythonhosted.org/packages/56/a0/f4a082a0232aaa7d0db2fe78b3e3ce03477ff8231c861b4405932b401001/pywin32-312-cp39-cp39-win32.whl", hash = "sha256:d620900033cc7531e50727c3c8333091df5dd3ffe6d68cdca38c03f5821408d5", size = 6360761, upload-time = "2026-06-04T07:49:04.776Z" },
    { url = "https://files.pythonhosted.org/packages/b1/1f/d462540ddfccfea5ffe67ced40a99776f21d817fe6aeed5ab2cd87c1d926/pywin32-312-cp39-cp39-win_amd64.whl", hash = "sha256:dc90147579a905b8635e1b0ec6514967dcb07e6e0d9c42f1477feef14cac23bb", size = 6926456, upload-time = "2026-06-04T07:49:09.623Z" },
    { url = "https://files.pythonhosted.org/packages/8c/6f/45e0e1d4078944440e7ee6fe003a39e412d53ab8a1772f0c3f4b2467b34c/pywin32-312-cp39-cp39-win_arm64.whl", hash = "sha256:02ebca0f0242b75292e218065004310d6a477407c09fa449bfe4f6022bc0c0fc", size = 4306706, upload-time = "2026-06-04T07:49:11.793Z" },
]

[[package]]
name = "requests"
version = "2.32.5"
source = { registry = "https://pypi.org/simple" }
dependencies = [
    { name = "certifi" },
    { name = "charset-normalizer" },
    { name = "idna" },
    { name = "urllib3" },
]
sdist = { url = "https://files.pythonhosted.org/packages/c9/74/b3ff8e6c8446842c3f5c837e9c3dfcfe2018ea6ecef224c710c85ef728f4/requests-2.32.5.tar.gz", hash = "sha256:dbba0bac56e100853db0ea71b82b4dfd5fe2bf6d3754a8893c3af500cec7d7cf", size = 134517, upload-time = "2025-08-18T20:46:02.573Z" }
wheels = [
    { url = "https://files.pythonhosted.org/packages/1e/db/4254e3eabe8020b458f1a747140d32277ec7a271daf1d235b70dc0b4e6e3/requests-2.32.5-py3-none-any.whl", hash = "sha256:2462f94637a34fd532264295e186976db0f5d453d1cdd31473c85a6a161affb6", size = 64738, upload-time = "2025-08-18T20:46:00.542Z" },
]

[[package]]
name = "sqlalchemy"
version = "1.3.9"
source = { registry = "https://pypi.org/simple" }
sdist = { url = "https://files.pythonhosted.org/packages/89/4e/f10fc5063d1048b3813c0caf99f06ec2b73851ae1a939feb85315dacb3fc/SQLAlchemy-1.3.9.tar.gz", hash = "sha256:272a835758908412e75e87f75dd0179a51422715c125ce42109632910526b1fd", size = 5966437, upload-time = "2019-10-04T20:16:50.082Z" }

[[package]]
name = "testcontainers"
version = "3.7.1"
source = { registry = "https://pypi.org/simple" }
dependencies = [
    { name = "deprecation" },
    { name = "docker" },
    { name = "wrapt" },
]
wheels = [
    { url = "https://files.pythonhosted.org/packages/b3/37/38c595414d764cb1d9f3a0c907878c4146a21505ab974c63bcf3d8145807/testcontainers-3.7.1-py2.py3-none-any.whl", hash = "sha256:7f48cef4bf0ccd78f1a4534d4b701a003a3bace851f24eae58a32f9e3f0aeba0", size = 45321, upload-time = "2022-12-06T17:55:37.701Z" },
]

[[package]]
name = "tomli"
version = "2.4.1"
source = { registry = "https://pypi.org/simple" }
sdist = { url = "https://files.pythonhosted.org/packages/22/de/48c59722572767841493b26183a0d1cc411d54fd759c5607c4590b6563a6/tomli-2.4.1.tar.gz", hash = "sha256:7c7e1a961a0b2f2472c1ac5b69affa0ae1132c39adcb67aba98568702b9cc23f", size = 17543, upload-time = "2026-03-25T20:22:03.828Z" }
wheels = [
    { url = "https://files.pythonhosted.org/packages/7b/61/cceae43728b7de99d9b847560c262873a1f6c98202171fd5ed62640b494b/tomli-2.4.1-py3-none-any.whl", hash = "sha256:0d85819802132122da43cb86656f8d1f8c6587d54ae7dcaf30e90533028b49fe", size = 14583, upload-time = "2026-03-25T20:22:03.012Z" },
]

[[package]]
name = "typing-extensions"
version = "4.16.0"
source = { registry = "https://pypi.org/simple" }
sdist = { url = "https://files.pythonhosted.org/packages/f6/cc/6253133b5bb138fc3306cebfbda2c520f545d36b5be2c7255cc528bb45d6/typing_extensions-4.16.0.tar.gz", hash = "sha256:dc983d19a509c94dba722ee6abd33940f7c05a89e243c47e907eb4db6f1a43e5", size = 113555, upload-time = "2026-07-02T08:40:05.92Z" }
wheels = [
    { url = "https://files.pythonhosted.org/packages/49/d3/b8441a820a491ddfc024b0b0cf0393375b75ea13866d9c66727e54c2fc80/typing_extensions-4.16.0-py3-none-any.whl", hash = "sha256:481caa481374e813c1b176ada14e97f1f67a4539ce9cfeb3f350d78d6370c2e8", size = 45571, upload-time = "2026-07-02T08:40:04.659Z" },
]

[[package]]
name = "typish"
version = "1.9.3"
source = { registry = "https://pypi.org/simple" }
wheels = [
    { url = "https://files.pythonhosted.org/packages/9d/d6/3f56c9c0c12adf61dfcf4ed5c8ffd2c431db8dd85592067a57e8e1968565/typish-1.9.3-py3-none-any.whl", hash = "sha256:03cfee5e6eb856dbf90244e18f4e4c41044c8790d5779f4e775f63f982e2f896", size = 45063, upload-time = "2021-08-05T20:36:28.702Z" },
]

[[package]]
name = "urllib3"
version = "2.6.3"
source = { registry = "https://pypi.org/simple" }
sdist = { url = "https://files.pythonhosted.org/packages/c7/24/5f1b3bdffd70275f6661c76461e25f024d5a38a46f04aaca912426a2b1d3/urllib3-2.6.3.tar.gz", hash = "sha256:1b62b6884944a57dbe321509ab94fd4d3b307075e0c2eae991ac71ee15ad38ed", size = 435556, upload-time = "2026-01-07T16:24:43.925Z" }
wheels = [
    { url = "https://files.pythonhosted.org/packages/39/08/aaaad47bc4e9dc8c725e68f9d04865dbcb2052843ff09c97b08904852d84/urllib3-2.6.3-py3-none-any.whl", hash = "sha256:bf272323e553dfb2e87d9bfd225ca7b0f467b919d7bbd355436d3fd37cb0acd4", size = 131584, upload-time = "2026-01-07T16:24:42.685Z" },
]

[[package]]
name = "wrapt"
version = "2.3.0"
source = { registry = "https://pypi.org/simple" }
sdist = { url = "https://files.pythonhosted.org/packages/2b/b0/c1f5a970721f06b85c0cd5142e0ff8fe067708abd779b0c4f4be7d61d09f/wrapt-2.3.0.tar.gz", hash = "sha256:681a2d0eefd721998f90642762b8e75c2159ec531b20ad5e437245ea7b06a107", size = 131509, upload-time = "2026-07-28T06:06:14.895Z" }
wheels = [
    { url = "https://files.pythonhosted.org/packages/40/99/b44e9dc20c8d768ffe65174bfebde1412068fc1638aac436eccf1e7a603a/wrapt-2.3.0-cp39-cp39-macosx_10_9_x86_64.whl", hash = "sha256:c3b476ae63b4a3b4da681aafcb25ff3542d289fbda8b5da7caf76aaffafafdbb", size = 81227, upload-time = "2026-07-28T06:05:55.438Z" },
    { url = "https://files.pythonhosted.org/packages/7e/cb/1e1bbdb39ea166b4b2568c5eec3d82f59cddecf1ed57e5c4a1ed54692107/wrapt-2.3.0-cp39-cp39-macosx_11_0_arm64.whl", hash = "sha256:932dced0a7b2950ed58a3325536a1dcb7b58e7330af54e8552d2e566b5328b99", size = 82284, upload-time = "2026-07-28T06:05:56.879Z" },
    { url = "https://files.pythonhosted.org/packages/54/0a/935b037716e02376415dbc9fe95e523c64111c223a0de4dc2e12c1e1ee20/wrapt-2.3.0-cp39-cp39-manylinux1_x86_64.manylinux_2_28_x86_64.manylinux_2_5_x86_64.whl", hash = "sha256:0db083387d6e75ec0be8173ecbf0e811cf60bae1cc75a815feb104167ea10d4d", size = 154975, upload-time = "2026-07-28T06:05:58.369Z" },
    { url = "https://files.pythonhosted.org/packages/6e/ed/6222b5e4ab73a0185d77e3490dbdd372dc1cd961acbcdc62b0bc345a8d2c/wrapt-2.3.0-cp39-cp39-manylinux2014_aarch64.manylinux_2_17_aarch64.manylinux_2_28_aarch64.whl", hash = "sha256:abc71504669d126d91f89fc0e388c6295d8fbd2439be884f175133fda8aa403c", size = 157056, upload-time = "2026-07-28T06:06:00.038Z" },
    { url = "https://files.pythonhosted.org/packages/20/f8/eac651ecc80db2c7ac697111411de05fd4d4f9eea557d32b9bb11e1ada5c/wrapt-2.3.0-cp39-cp39-manylinux_2_31_riscv64.manylinux_2_39_riscv64.whl", hash = "sha256:b767a9566f165dd14decf8f4194c6bb0ce3a8420cec213824e05a99400c9260a", size = 151513, upload-time = "2026-07-28T06:06:01.808Z" },
    { url = "https://files.pythonhosted.org/packages/e1/32/ed810ea37c2b4b9948bf23def5954a1848d98021602dd7220db3f8ee1a58/wrapt-2.3.0-cp39-cp39-musllinux_1_2_aarch64.whl", hash = "sha256:73d0b10b64620a2cf4bc3d31775c4d9527e309a5549e4379e3bf71e8d2dc193e", size = 156054, upload-time = "2026-07-28T06:06:03.467Z" },
    { url = "https://files.pythonhosted.org/packages/7f/8e/facfaa9b2d4eda4f14fb5f88fc493947d1513cec28538613082e1663037d/wrapt-2.3.0-cp39-cp39-musllinux_1_2_riscv64.whl", hash = "sha256:e31734c5077f29f892b2565eee5106d610278151ad49fc6a9d69a647cd5730e2", size = 150821, upload-time = "2026-07-28T06:06:05.152Z" },
    { url = "https://files.pythonhosted.org/packages/5a/7e/14f4b6f2d9a89186f35f04dd1ec6aad41ffa439dac16c88fc41f3756b9a6/wrapt-2.3.0-cp39-cp39-musllinux_1_2_x86_64.whl", hash = "sha256:628f3ba8ec793a5b10a6cd8c6c6b7b55eb552abd1f3bd301336acb74c7a82dfe", size = 154303, upload-time = "2026-07-28T06:06:06.808Z" },
    { url = "https://files.pythonhosted.org/packages/4b/90/e25fd18051bc83a1f7c62edd184a262a3f593716126619ebbc79de801e6a/wrapt-2.3.0-cp39-cp39-win32.whl", hash = "sha256:3873c3c5ca9f4ef91f693602eca19d1f1e7c410338df82a4ff11d826b5896a8f", size = 77908, upload-time = "2026-07-28T06:06:08.384Z" },
    { url = "https://files.pythonhosted.org/packages/eb/2c/40f523565f1aed94d0030f4f99f481adc5b5620ee8600bfcd46effb49a79/wrapt-2.3.0-cp39-cp39-win_amd64.whl", hash = "sha256:8f8a1c6472675956cece9a8f403f43c3594f1681319eed2dd56f60877397c636", size = 80796, upload-time = "2026-07-28T06:06:09.906Z" },
    { url = "https://files.pythonhosted.org/packages/3f/91/a86501de81265751a42b3c3f977e6c88d580936dd180e3298e2bd813e0d4/wrapt-2.3.0-cp39-cp39-win_arm64.whl", hash = "sha256:c8858d8ff9822a081e3cc49ae1b3b22f0f789c14001cdac8f94564010d9c9d66", size = 80227, upload-time = "2026-07-28T06:06:11.413Z" },
    { url = "https://files.pythonhosted.org/packages/00/39/3daf9f47be208606586de4568ba6713db53ebc8fd7a575aea1fe57983b69/wrapt-2.3.0-py3-none-any.whl", hash = "sha256:d8c7ed08477429752b8c44991f40ad7838b18332a160698740a6bfbc10d998a2", size = 61866, upload-time = "2026-07-28T06:06:12.9Z" },
]
